PODS:
  - bd_location (0.0.1):
    - BMKLocationKit
    - Flutter
  - BMKLocationKit (2.0.2)
  - Flutter (1.0.0)

DEPENDENCIES:
  - bd_location (from `.symlinks/plugins/bd_location/ios`)
  - Flutter (from `Flutter`)

SPEC REPOS:
  trunk:
    - BMKLocationKit

EXTERNAL SOURCES:
  bd_location:
    :path: ".symlinks/plugins/bd_location/ios"
  Flutter:
    :path: Flutter

SPEC CHECKSUMS:
  bd_location: 8e201d7c9c0e5cc8943d60c05c13b613b812583f
  BMKLocationKit: 3b96beefb31c3b12d53e9156aa4ab19ecd695dec
  Flutter: f04841e97a9d0b0a8025694d0796dd46242b2854

PODFILE CHECKSUM: ef19549a9bc3046e7bb7d2fab4d021637c0c58a3

COCOAPODS: 1.12.1
