PODS:
  - bd_location (0.0.1):
    - BMKLocationKit
    - Flutter
  - BMKLocationKit (2.0.0)
  - Flutter (1.0.0)

DEPENDENCIES:
  - bd_location (from `.symlinks/plugins/bd_location/ios`)
  - Flutter (from `Flutter`)

SPEC REPOS:
  trunk:
    - BMKLocationKit

EXTERNAL SOURCES:
  bd_location:
    :path: ".symlinks/plugins/bd_location/ios"
  Flutter:
    :path: Flutter

SPEC CHECKSUMS:
  bd_location: 8e201d7c9c0e5cc8943d60c05c13b613b812583f
  BMKLocationKit: 097814ef672b1e57e86e6c1968d7892fb78002bf
  Flutter: 50d75fe2f02b26cc09d224853bb45737f8b3214a

PODFILE CHECKSUM: aafe91acc616949ddb318b77800a7f51bffa2a4c

COCOAPODS: 1.11.2
